
Microsoft Visual Studio Solution File, Format Version 12.00
# Visual Studio Version 16
VisualStudioVersion = 16.0.31702.278
MinimumVisualStudioVersion = 10.0.40219.1
Project("{8BC9CEB8-8B4A-11D0-8D11-00A0C91BC942}") = "For Loop Set Test", "For Loop Set Test.vcxproj", "{20CF58C6-4621-4B5D-A0E0-662638069B51}"
EndProject
Global
	GlobalSection(SolutionConfigurationPlatforms) = preSolution
		Debug|x64 = Debug|x64
		Debug|x86 = Debug|x86
		Release|x64 = Release|x64
		Release|x86 = Release|x86
	EndGlobalSection
	GlobalSection(ProjectConfigurationPlatforms) = postSolution
		{20CF58C6-4621-4B5D-A0E0-662638069B51}.Debug|x64.ActiveCfg = Debug|x64
		{20CF58C6-4621-4B5D-A0E0-662638069B51}.Debug|x64.Build.0 = Debug|x64
		{20CF58C6-4621-4B5D-A0E0-662638069B51}.Debug|x86.ActiveCfg = Debug|Win32
		{20CF58C6-4621-4B5D-A0E0-662638069B51}.Debug|x86.Build.0 = Debug|Win32
		{20CF58C6-4621-4B5D-A0E0-662638069B51}.Release|x64.ActiveCfg = Release|x64
		{20CF58C6-4621-4B5D-A0E0-662638069B51}.Release|x64.Build.0 = Release|x64
		{20CF58C6-4621-4B5D-A0E0-662638069B51}.Release|x86.ActiveCfg = Release|Win32
		{20CF58C6-4621-4B5D-A0E0-662638069B51}.Release|x86.Build.0 = Release|Win32
	EndGlobalSection
	GlobalSection(SolutionProperties) = preSolution
		HideSolutionNode = FALSE
	EndGlobalSection
	GlobalSection(ExtensibilityGlobals) = postSolution
		SolutionGuid = {BCCB729F-B8E6-435B-BDE7-D82DA04DC998}
	EndGlobalSection
EndGlobal
